
Microsoft Visual Studio Solution File, Format Version 12.00
# Visual Studio Version 17
VisualStudioVersion = 17.4.33110.190
MinimumVisualStudioVersion = 10.0.40219.1
Project("{FAE04EC0-301F-11D3-BF4B-00C04F79EFBC}") = "ClassMetotDemo", "ClassMetotDemo\ClassMetotDemo.csproj", "{02EAC1C8-DCBA-4E27-B2FF-CE9AD289D86C}"
EndProject
Global
	GlobalSection(SolutionConfigurationPlatforms) = preSolution
		Debug|Any CPU = Debug|Any CPU
		Release|Any CPU = Release|Any CPU
	EndGlobalSection
	GlobalSection(ProjectConfigurationPlatforms) = postSolution
		{02EAC1C8-DCBA-4E27-B2FF-CE9AD289D86C}.Debug|Any CPU.ActiveCfg = Debug|Any CPU
		{02EAC1C8-DCBA-4E27-B2FF-CE9AD289D86C}.Debug|Any CPU.Build.0 = Debug|Any CPU
		{02EAC1C8-DCBA-4E27-B2FF-CE9AD289D86C}.Release|Any CPU.ActiveCfg = Release|Any CPU
		{02EAC1C8-DCBA-4E27-B2FF-CE9AD289D86C}.Release|Any CPU.Build.0 = Release|Any CPU
	EndGlobalSection
	GlobalSection(SolutionProperties) = preSolution
		HideSolutionNode = FALSE
	EndGlobalSection
	GlobalSection(ExtensibilityGlobals) = postSolution
		SolutionGuid = {AA4E60F7-A7D9-49CE-A7AB-AF64405EFF4D}
	EndGlobalSection
EndGlobal
